// !$*UTF8*$!
{
	archiveVersion = 1;
	classes = {
	};
	objectVersion = 46;
	objects = {

/* Begin PBXBuildFile section */
		02AC4DE0247B0D027E0FC6D7 /* Pods_iOSHackTests.framework in Frameworks */ = {isa = PBXBuildFile; fileRef = 803D91B0312CEA79BEE20478 /* Pods_iOSHackTests.framework */; };
		77CE8FA71E40B1A9003B36A2 /* AppDelegate.swift in Sources */ = {isa = PBXBuildFile; fileRef = 77CE8FA61E40B1A9003B36A2 /* AppDelegate.swift */; };
		77CE8FAC1E40B1A9003B36A2 /* Main.storyboard in Resources */ = {isa = PBXBuildFile; fileRef = 77CE8FAA1E40B1A9003B36A2 /* Main.storyboard */; };
		77CE8FAE1E40B1A9003B36A2 /* Assets.xcassets in Resources */ = {isa = PBXBuildFile; fileRef = 77CE8FAD1E40B1A9003B36A2 /* Assets.xcassets */; };
		77CE8FB11E40B1A9003B36A2 /* LaunchScreen.storyboard in Resources */ = {isa = PBXBuildFile; fileRef = 77CE8FAF1E40B1A9003B36A2 /* LaunchScreen.storyboard */; };
		77CE8FBC1E40B1AA003B36A2 /* iOSHackTests.swift in Sources */ = {isa = PBXBuildFile; fileRef = 77CE8FBB1E40B1AA003B36A2 /* iOSHackTests.swift */; };
		77CE8FC71E40B1AA003B36A2 /* iOSHackUITests.swift in Sources */ = {isa = PBXBuildFile; fileRef = 77CE8FC61E40B1AA003B36A2 /* iOSHackUITests.swift */; };
		AAE1C31E1E41ED9B0081C625 /* GoogleService-Info.plist in Resources */ = {isa = PBXBuildFile; fileRef = AAE1C31D1E41ED9B0081C625 /* GoogleService-Info.plist */; };
		C2A40CECC8124BAE50B8D934 /* Pods_iOSHackUITests.framework in Frameworks */ = {isa = PBXBuildFile; fileRef = F35569E9C636F935B0A762D4 /* Pods_iOSHackUITests.framework */; };
		C3184BF217657D988FB7C4C1 /* Pods_iOSHack.framework in Frameworks */ = {isa = PBXBuildFile; fileRef = E9E1A1BDD9AD146E03077832 /* Pods_iOSHack.framework */; };
		EA63323F1E40F47600FA90A1 /* WebViewController.swift in Sources */ = {isa = PBXBuildFile; fileRef = EA63323E1E40F47600FA90A1 /* WebViewController.swift */; };
		EAE18F961E40B706001A5BAE /* TranscriptReaderViewController.swift in Sources */ = {isa = PBXBuildFile; fileRef = EAE18F951E40B706001A5BAE /* TranscriptReaderViewController.swift */; };
		EAE18F981E40B7A4001A5BAE /* SentencesTableViewController.swift in Sources */ = {isa = PBXBuildFile; fileRef = EAE18F971E40B7A4001A5BAE /* SentencesTableViewController.swift */; };
		EAE18F9A1E40B7D9001A5BAE /* SearchResultsViewController.swift in Sources */ = {isa = PBXBuildFile; fileRef = EAE18F991E40B7D9001A5BAE /* SearchResultsViewController.swift */; };
		EAE18F9C1E40BC41001A5BAE /* SentenceModel.swift in Sources */ = {isa = PBXBuildFile; fileRef = EAE18F9B1E40BC41001A5BAE /* SentenceModel.swift */; };
		EAE18F9E1E40BC6C001A5BAE /* ResultModel.swift in Sources */ = {isa = PBXBuildFile; fileRef = EAE18F9D1E40BC6C001A5BAE /* ResultModel.swift */; };
		EAE18FA11E40BCDA001A5BAE /* NetworkManager.swift in Sources */ = {isa = PBXBuildFile; fileRef = EAE18FA01E40BCDA001A5BAE /* NetworkManager.swift */; };
		EAE18FA31E40D0DE001A5BAE /* SenteceTableViewCell.swift in Sources */ = {isa = PBXBuildFile; fileRef = EAE18FA21E40D0DE001A5BAE /* SenteceTableViewCell.swift */; };
		EAE18FA61E40D2FC001A5BAE /* SenteceTableViewCell.xib in Resources */ = {isa = PBXBuildFile; fileRef = EAE18FA51E40D2FC001A5BAE /* SenteceTableViewCell.xib */; };
		EAE18FA81E40D84D001A5BAE /* SearchResultCollectionViewCell.swift in Sources */ = {isa = PBXBuildFile; fileRef = EAE18FA71E40D84D001A5BAE /* SearchResultCollectionViewCell.swift */; };
		EAE18FAA1E40D85C001A5BAE /* SearchResultCollectionViewCell.xib in Resources */ = {isa = PBXBuildFile; fileRef = EAE18FA91E40D85C001A5BAE /* SearchResultCollectionViewCell.xib */; };
/* End PBXBuildFile section */

/* Begin PBXContainerItemProxy section */
		77CE8FB81E40B1AA003B36A2 /* PBXContainerItemProxy */ = {
			isa = PBXContainerItemProxy;
			containerPortal = 77CE8F9B1E40B1A9003B36A2 /* Project object */;
			proxyType = 1;
			remoteGlobalIDString = 77CE8FA21E40B1A9003B36A2;
			remoteInfo = iOSHack;
		};
		77CE8FC31E40B1AA003B36A2 /* PBXContainerItemProxy */ = {
			isa = PBXContainerItemProxy;
			containerPortal = 77CE8F9B1E40B1A9003B36A2 /* Project object */;
			proxyType = 1;
			remoteGlobalIDString = 77CE8FA21E40B1A9003B36A2;
			remoteInfo = iOSHack;
		};
/* End PBXContainerItemProxy section */

/* Begin PBXFileReference section */
		5D93E58296FDB543DD10BAF5 /* Pods-iOSHackTests.release.xcconfig */ = {isa = PBXFileReference; includeInIndex = 1; lastKnownFileType = text.xcconfig; name = "Pods-iOSHackTests.release.xcconfig"; path = "Pods/Target Support Files/Pods-iOSHackTests/Pods-iOSHackTests.release.xcconfig"; sourceTree = "<group>"; };
		77CE8FA31E40B1A9003B36A2 /* iOSHack.app */ = {isa = PBXFileReference; explicitFileType = wrapper.application; includeInIndex = 0; path = iOSHack.app; sourceTree = BUILT_PRODUCTS_DIR; };
		77CE8FA61E40B1A9003B36A2 /* AppDelegate.swift */ = {isa = PBXFileReference; lastKnownFileType = sourcecode.swift; path = AppDelegate.swift; sourceTree = "<group>"; };
		77CE8FAB1E40B1A9003B36A2 /* Base */ = {isa = PBXFileReference; lastKnownFileType = file.storyboard; name = Base; path = Base.lproj/Main.storyboard; sourceTree = "<group>"; };
		77CE8FAD1E40B1A9003B36A2 /* Assets.xcassets */ = {isa = PBXFileReference; lastKnownFileType = folder.assetcatalog; path = Assets.xcassets; sourceTree = "<group>"; };
		77CE8FB01E40B1A9003B36A2 /* Base */ = {isa = PBXFileReference; lastKnownFileType = file.storyboard; name = Base; path = Base.lproj/LaunchScreen.storyboard; sourceTree = "<group>"; };
		77CE8FB21E40B1A9003B36A2 /* Info.plist */ = {isa = PBXFileReference; lastKnownFileType = text.plist.xml; path = Info.plist; sourceTree = "<group>"; };
		77CE8FB71E40B1AA003B36A2 /* iOSHackTests.xctest */ = {isa = PBXFileReference; explicitFileType = wrapper.cfbundle; includeInIndex = 0; path = iOSHackTests.xctest; sourceTree = BUILT_PRODUCTS_DIR; };
		77CE8FBB1E40B1AA003B36A2 /* iOSHackTests.swift */ = {isa = PBXFileReference; lastKnownFileType = sourcecode.swift; path = iOSHackTests.swift; sourceTree = "<group>"; };
		77CE8FBD1E40B1AA003B36A2 /* Info.plist */ = {isa = PBXFileReference; lastKnownFileType = text.plist.xml; path = Info.plist; sourceTree = "<group>"; };
		77CE8FC21E40B1AA003B36A2 /* iOSHackUITests.xctest */ = {isa = PBXFileReference; explicitFileType = wrapper.cfbundle; includeInIndex = 0; path = iOSHackUITests.xctest; sourceTree = BUILT_PRODUCTS_DIR; };
		77CE8FC61E40B1AA003B36A2 /* iOSHackUITests.swift */ = {isa = PBXFileReference; lastKnownFileType = sourcecode.swift; path = iOSHackUITests.swift; sourceTree = "<group>"; };
		77CE8FC81E40B1AA003B36A2 /* Info.plist */ = {isa = PBXFileReference; lastKnownFileType = text.plist.xml; path = Info.plist; sourceTree = "<group>"; };
		803D91B0312CEA79BEE20478 /* Pods_iOSHackTests.framework */ = {isa = PBXFileReference; explicitFileType = wrapper.framework; includeInIndex = 0; path = Pods_iOSHackTests.framework; sourceTree = BUILT_PRODUCTS_DIR; };
		96F9D44F4B8CCCE83F7C23DA /* Pods-iOSHack.release.xcconfig */ = {isa = PBXFileReference; includeInIndex = 1; lastKnownFileType = text.xcconfig; name = "Pods-iOSHack.release.xcconfig"; path = "Pods/Target Support Files/Pods-iOSHack/Pods-iOSHack.release.xcconfig"; sourceTree = "<group>"; };
		9DCE727DF5F340AD4C47EED0 /* Pods-iOSHackUITests.debug.xcconfig */ = {isa = PBXFileReference; includeInIndex = 1; lastKnownFileType = text.xcconfig; name = "Pods-iOSHackUITests.debug.xcconfig"; path = "Pods/Target Support Files/Pods-iOSHackUITests/Pods-iOSHackUITests.debug.xcconfig"; sourceTree = "<group>"; };
		AAE1C31D1E41ED9B0081C625 /* GoogleService-Info.plist */ = {isa = PBXFileReference; fileEncoding = 4; lastKnownFileType = text.plist.xml; name = "GoogleService-Info.plist"; path = "../../../Downloads/GoogleService-Info.plist"; sourceTree = "<group>"; };
		C330ECFC96C9AF5AE98D9445 /* Pods-iOSHack.debug.xcconfig */ = {isa = PBXFileReference; includeInIndex = 1; lastKnownFileType = text.xcconfig; name = "Pods-iOSHack.debug.xcconfig"; path = "Pods/Target Support Files/Pods-iOSHack/Pods-iOSHack.debug.xcconfig"; sourceTree = "<group>"; };
		C5148E1D93B509E3C1AADEA1 /* Pods-iOSHackTests.debug.xcconfig */ = {isa = PBXFileReference; includeInIndex = 1; lastKnownFileType = text.xcconfig; name = "Pods-iOSHackTests.debug.xcconfig"; path = "Pods/Target Support Files/Pods-iOSHackTests/Pods-iOSHackTests.debug.xcconfig"; sourceTree = "<group>"; };
		E9E1A1BDD9AD146E03077832 /* Pods_iOSHack.framework */ = {isa = PBXFileReference; explicitFileType = wrapper.framework; includeInIndex = 0; path = Pods_iOSHack.framework; sourceTree = BUILT_PRODUCTS_DIR; };
		EA63323E1E40F47600FA90A1 /* WebViewController.swift */ = {isa = PBXFileReference; fileEncoding = 4; lastKnownFileType = sourcecode.swift; path = WebViewController.swift; sourceTree = "<group>"; };
		EAE18F951E40B706001A5BAE /* TranscriptReaderViewController.swift */ = {isa = PBXFileReference; fileEncoding = 4; lastKnownFileType = sourcecode.swift; path = TranscriptReaderViewController.swift; sourceTree = "<group>"; };
		EAE18F971E40B7A4001A5BAE /* SentencesTableViewController.swift */ = {isa = PBXFileReference; fileEncoding = 4; lastKnownFileType = sourcecode.swift; path = SentencesTableViewController.swift; sourceTree = "<group>"; };
		EAE18F991E40B7D9001A5BAE /* SearchResultsViewController.swift */ = {isa = PBXFileReference; fileEncoding = 4; lastKnownFileType = sourcecode.swift; path = SearchResultsViewController.swift; sourceTree = "<group>"; };
		EAE18F9B1E40BC41001A5BAE /* SentenceModel.swift */ = {isa = PBXFileReference; fileEncoding = 4; lastKnownFileType = sourcecode.swift; path = SentenceModel.swift; sourceTree = "<group>"; };
		EAE18F9D1E40BC6C001A5BAE /* ResultModel.swift */ = {isa = PBXFileReference; fileEncoding = 4; lastKnownFileType = sourcecode.swift; path = ResultModel.swift; sourceTree = "<group>"; };
		EAE18FA01E40BCDA001A5BAE /* NetworkManager.swift */ = {isa = PBXFileReference; fileEncoding = 4; lastKnownFileType = sourcecode.swift; path = NetworkManager.swift; sourceTree = "<group>"; };
		EAE18FA21E40D0DE001A5BAE /* SenteceTableViewCell.swift */ = {isa = PBXFileReference; fileEncoding = 4; lastKnownFileType = sourcecode.swift; path = SenteceTableViewCell.swift; sourceTree = "<group>"; };
		EAE18FA51E40D2FC001A5BAE /* SenteceTableViewCell.xib */ = {isa = PBXFileReference; fileEncoding = 4; lastKnownFileType = file.xib; path = SenteceTableViewCell.xib; sourceTree = "<group>"; };
		EAE18FA71E40D84D001A5BAE /* SearchResultCollectionViewCell.swift */ = {isa = PBXFileReference; fileEncoding = 4; lastKnownFileType = sourcecode.swift; path = SearchResultCollectionViewCell.swift; sourceTree = "<group>"; };
		EAE18FA91E40D85C001A5BAE /* SearchResultCollectionViewCell.xib */ = {isa = PBXFileReference; fileEncoding = 4; lastKnownFileType = file.xib; path = SearchResultCollectionViewCell.xib; sourceTree = "<group>"; };
		F04955343095C0C2F98AA3E2 /* Pods-iOSHackUITests.release.xcconfig */ = {isa = PBXFileReference; includeInIndex = 1; lastKnownFileType = text.xcconfig; name = "Pods-iOSHackUITests.release.xcconfig"; path = "Pods/Target Support Files/Pods-iOSHackUITests/Pods-iOSHackUITests.release.xcconfig"; sourceTree = "<group>"; };
		F35569E9C636F935B0A762D4 /* Pods_iOSHackUITests.framework */ = {isa = PBXFileReference; explicitFileType = wrapper.framework; includeInIndex = 0; path = Pods_iOSHackUITests.framework; sourceTree = BUILT_PRODUCTS_DIR; };
/* End PBXFileReference section */

/* Begin PBXFrameworksBuildPhase section */
		77CE8FA01E40B1A9003B36A2 /* Frameworks */ = {
			isa = PBXFrameworksBuildPhase;
			buildActionMask = 2147483647;
			files = (
				C3184BF217657D988FB7C4C1 /* Pods_iOSHack.framework in Frameworks */,
			);
			runOnlyForDeploymentPostprocessing = 0;
		};
		77CE8FB41E40B1AA003B36A2 /* Frameworks */ = {
			isa = PBXFrameworksBuildPhase;
			buildActionMask = 2147483647;
			files = (
				02AC4DE0247B0D027E0FC6D7 /* Pods_iOSHackTests.framework in Frameworks */,
			);
			runOnlyForDeploymentPostprocessing = 0;
		};
		77CE8FBF1E40B1AA003B36A2 /* Frameworks */ = {
			isa = PBXFrameworksBuildPhase;
			buildActionMask = 2147483647;
			files = (
				C2A40CECC8124BAE50B8D934 /* Pods_iOSHackUITests.framework in Frameworks */,
			);
			runOnlyForDeploymentPostprocessing = 0;
		};
/* End PBXFrameworksBuildPhase section */

/* Begin PBXGroup section */
		0B31CEB96B02F2305886EC9F /* Frameworks */ = {
			isa = PBXGroup;
			children = (
				E9E1A1BDD9AD146E03077832 /* Pods_iOSHack.framework */,
				803D91B0312CEA79BEE20478 /* Pods_iOSHackTests.framework */,
				F35569E9C636F935B0A762D4 /* Pods_iOSHackUITests.framework */,
			);
			name = Frameworks;
			sourceTree = "<group>";
		};
		77CE8F9A1E40B1A9003B36A2 = {
			isa = PBXGroup;
			children = (
				AAE1C31D1E41ED9B0081C625 /* GoogleService-Info.plist */,
				77CE8FA51E40B1A9003B36A2 /* iOSHack */,
				77CE8FBA1E40B1AA003B36A2 /* iOSHackTests */,
				77CE8FC51E40B1AA003B36A2 /* iOSHackUITests */,
				77CE8FA41E40B1A9003B36A2 /* Products */,
				E9EC81B7080B9AB1D88C3605 /* Pods */,
				0B31CEB96B02F2305886EC9F /* Frameworks */,
			);
			sourceTree = "<group>";
		};
		77CE8FA41E40B1A9003B36A2 /* Products */ = {
			isa = PBXGroup;
			children = (
				77CE8FA31E40B1A9003B36A2 /* iOSHack.app */,
				77CE8FB71E40B1AA003B36A2 /* iOSHackTests.xctest */,
				77CE8FC21E40B1AA003B36A2 /* iOSHackUITests.xctest */,
			);
			name = Products;
			sourceTree = "<group>";
		};
		77CE8FA51E40B1A9003B36A2 /* iOSHack */ = {
			isa = PBXGroup;
			children = (
				EAE18F941E40B6DD001A5BAE /* View */,
				EAE18F931E40B6D1001A5BAE /* Supporting files */,
				EAE18F9F1E40BCC8001A5BAE /* Model */,
			);
			path = iOSHack;
			sourceTree = "<group>";
		};
		77CE8FBA1E40B1AA003B36A2 /* iOSHackTests */ = {
			isa = PBXGroup;
			children = (
				77CE8FBB1E40B1AA003B36A2 /* iOSHackTests.swift */,
				77CE8FBD1E40B1AA003B36A2 /* Info.plist */,
			);
			path = iOSHackTests;
			sourceTree = "<group>";
		};
		77CE8FC51E40B1AA003B36A2 /* iOSHackUITests */ = {
			isa = PBXGroup;
			children = (
				77CE8FC61E40B1AA003B36A2 /* iOSHackUITests.swift */,
				77CE8FC81E40B1AA003B36A2 /* Info.plist */,
			);
			path = iOSHackUITests;
			sourceTree = "<group>";
		};
		E9EC81B7080B9AB1D88C3605 /* Pods */ = {
			isa = PBXGroup;
			children = (
				C330ECFC96C9AF5AE98D9445 /* Pods-iOSHack.debug.xcconfig */,
				96F9D44F4B8CCCE83F7C23DA /* Pods-iOSHack.release.xcconfig */,
				C5148E1D93B509E3C1AADEA1 /* Pods-iOSHackTests.debug.xcconfig */,
				5D93E58296FDB543DD10BAF5 /* Pods-iOSHackTests.release.xcconfig */,
				9DCE727DF5F340AD4C47EED0 /* Pods-iOSHackUITests.debug.xcconfig */,
				F04955343095C0C2F98AA3E2 /* Pods-iOSHackUITests.release.xcconfig */,
			);
			name = Pods;
			sourceTree = "<group>";
		};
		EAE18F931E40B6D1001A5BAE /* Supporting files */ = {
			isa = PBXGroup;
			children = (
				77CE8FA61E40B1A9003B36A2 /* AppDelegate.swift */,
				77CE8FAD1E40B1A9003B36A2 /* Assets.xcassets */,
				77CE8FAF1E40B1A9003B36A2 /* LaunchScreen.storyboard */,
				77CE8FB21E40B1A9003B36A2 /* Info.plist */,
			);
			name = "Supporting files";
			sourceTree = "<group>";
		};
		EAE18F941E40B6DD001A5BAE /* View */ = {
			isa = PBXGroup;
			children = (
				EAE18FA41E40D2EC001A5BAE /* Cells */,
				EAE18F951E40B706001A5BAE /* TranscriptReaderViewController.swift */,
				EAE18F971E40B7A4001A5BAE /* SentencesTableViewController.swift */,
				EAE18F991E40B7D9001A5BAE /* SearchResultsViewController.swift */,
				77CE8FAA1E40B1A9003B36A2 /* Main.storyboard */,
				EA63323E1E40F47600FA90A1 /* WebViewController.swift */,
			);
			name = View;
			sourceTree = "<group>";
		};
		EAE18F9F1E40BCC8001A5BAE /* Model */ = {
			isa = PBXGroup;
			children = (
				EAE18F9B1E40BC41001A5BAE /* SentenceModel.swift */,
				EAE18F9D1E40BC6C001A5BAE /* ResultModel.swift */,
				EAE18FA01E40BCDA001A5BAE /* NetworkManager.swift */,
			);
			name = Model;
			sourceTree = "<group>";
		};
		EAE18FA41E40D2EC001A5BAE /* Cells */ = {
			isa = PBXGroup;
			children = (
				EAE18FA21E40D0DE001A5BAE /* SenteceTableViewCell.swift */,
				EAE18FA51E40D2FC001A5BAE /* SenteceTableViewCell.xib */,
				EAE18FA71E40D84D001A5BAE /* SearchResultCollectionViewCell.swift */,
				EAE18FA91E40D85C001A5BAE /* SearchResultCollectionViewCell.xib */,
			);
			name = Cells;
			sourceTree = "<group>";
		};
/* End PBXGroup section */

/* Begin PBXNativeTarget section */
		77CE8FA21E40B1A9003B36A2 /* iOSHack */ = {
			isa = PBXNativeTarget;
			buildConfigurationList = 77CE8FCB1E40B1AA003B36A2 /* Build configuration list for PBXNativeTarget "iOSHack" */;
			buildPhases = (
				543DD008F2E57B2517095116 /* [CP] Check Pods Manifest.lock */,
				77CE8F9F1E40B1A9003B36A2 /* Sources */,
				77CE8FA01E40B1A9003B36A2 /* Frameworks */,
				77CE8FA11E40B1A9003B36A2 /* Resources */,
				AB5603C95CE3FF6A24FE87B1 /* [CP] Embed Pods Frameworks */,
				45BB0B18901AEB6CF586FB62 /* [CP] Copy Pods Resources */,
			);
			buildRules = (
			);
			dependencies = (
			);
			name = iOSHack;
			productName = iOSHack;
			productReference = 77CE8FA31E40B1A9003B36A2 /* iOSHack.app */;
			productType = "com.apple.product-type.application";
		};
		77CE8FB61E40B1AA003B36A2 /* iOSHackTests */ = {
			isa = PBXNativeTarget;
			buildConfigurationList = 77CE8FCE1E40B1AA003B36A2 /* Build configuration list for PBXNativeTarget "iOSHackTests" */;
			buildPhases = (
				0C70655F601E4FB8914C778E /* [CP] Check Pods Manifest.lock */,
				77CE8FB31E40B1AA003B36A2 /* Sources */,
				77CE8FB41E40B1AA003B36A2 /* Frameworks */,
				77CE8FB51E40B1AA003B36A2 /* Resources */,
				CB14C76B1796302A387F2275 /* [CP] Embed Pods Frameworks */,
				59970BBFF0FB8B49C4A3E4E0 /* [CP] Copy Pods Resources */,
			);
			buildRules = (
			);
			dependencies = (
				77CE8FB91E40B1AA003B36A2 /* PBXTargetDependency */,
			);
			name = iOSHackTests;
			productName = iOSHackTests;
			productReference = 77CE8FB71E40B1AA003B36A2 /* iOSHackTests.xctest */;
			productType = "com.apple.product-type.bundle.unit-test";
		};
		77CE8FC11E40B1AA003B36A2 /* iOSHackUITests */ = {
			isa = PBXNativeTarget;
			buildConfigurationList = 77CE8FD11E40B1AA003B36A2 /* Build configuration list for PBXNativeTarget "iOSHackUITests" */;
			buildPhases = (
				B6F6DF0C8119536629E2E853 /* [CP] Check Pods Manifest.lock */,
				77CE8FBE1E40B1AA003B36A2 /* Sources */,
				77CE8FBF1E40B1AA003B36A2 /* Frameworks */,
				77CE8FC01E40B1AA003B36A2 /* Resources */,
				3E814B51CE385C5D41FCDBF7 /* [CP] Embed Pods Frameworks */,
				E2B411C2C4C9E0A07BB63593 /* [CP] Copy Pods Resources */,
			);
			buildRules = (
			);
			dependencies = (
				77CE8FC41E40B1AA003B36A2 /* PBXTargetDependency */,
			);
			name = iOSHackUITests;
			productName = iOSHackUITests;
			productReference = 77CE8FC21E40B1AA003B36A2 /* iOSHackUITests.xctest */;
			productType = "com.apple.product-type.bundle.ui-testing";
		};
/* End PBXNativeTarget section */

/* Begin PBXProject section */
		77CE8F9B1E40B1A9003B36A2 /* Project object */ = {
			isa = PBXProject;
			attributes = {
				LastSwiftUpdateCheck = 0820;
				LastUpgradeCheck = 0820;
				ORGANIZATIONNAME = "Simone Barbara";
				TargetAttributes = {
					77CE8FA21E40B1A9003B36A2 = {
						CreatedOnToolsVersion = 8.2.1;
						ProvisioningStyle = Automatic;
					};
					77CE8FB61E40B1AA003B36A2 = {
						CreatedOnToolsVersion = 8.2.1;
						ProvisioningStyle = Automatic;
						TestTargetID = 77CE8FA21E40B1A9003B36A2;
					};
					77CE8FC11E40B1AA003B36A2 = {
						CreatedOnToolsVersion = 8.2.1;
						ProvisioningStyle = Automatic;
						TestTargetID = 77CE8FA21E40B1A9003B36A2;
					};
				};
			};
			buildConfigurationList = 77CE8F9E1E40B1A9003B36A2 /* Build configuration list for PBXProject "iOSHack" */;
			compatibilityVersion = "Xcode 3.2";
			developmentRegion = English;
			hasScannedForEncodings = 0;
			knownRegions = (
				en,
				Base,
			);
			mainGroup = 77CE8F9A1E40B1A9003B36A2;
			productRefGroup = 77CE8FA41E40B1A9003B36A2 /* Products */;
			projectDirPath = "";
			projectRoot = "";
			targets = (
				77CE8FA21E40B1A9003B36A2 /* iOSHack */,
				77CE8FB61E40B1AA003B36A2 /* iOSHackTests */,
				77CE8FC11E40B1AA003B36A2 /* iOSHackUITests */,
			);
		};
/* End PBXProject section */

/* Begin PBXResourcesBuildPhase section */
		77CE8FA11E40B1A9003B36A2 /* Resources */ = {
			isa = PBXResourcesBuildPhase;
			buildActionMask = 2147483647;
			files = (
				77CE8FB11E40B1A9003B36A2 /* LaunchScreen.storyboard in Resources */,
				77CE8FAE1E40B1A9003B36A2 /* Assets.xcassets in Resources */,
				77CE8FAC1E40B1A9003B36A2 /* Main.storyboard in Resources */,
				EAE18FAA1E40D85C001A5BAE /* SearchResultCollectionViewCell.xib in Resources */,
				EAE18FA61E40D2FC001A5BAE /* SenteceTableViewCell.xib in Resources */,
				AAE1C31E1E41ED9B0081C625 /* GoogleService-Info.plist in Resources */,
			);
			runOnlyForDeploymentPostprocessing = 0;
		};
		77CE8FB51E40B1AA003B36A2 /* Resources */ = {
			isa = PBXResourcesBuildPhase;
			buildActionMask = 2147483647;
			files = (
			);
			runOnlyForDeploymentPostprocessing = 0;
		};
		77CE8FC01E40B1AA003B36A2 /* Resources */ = {
			isa = PBXResourcesBuildPhase;
			buildActionMask = 2147483647;
			files = (
			);
			runOnlyForDeploymentPostprocessing = 0;
		};
/* End PBXResourcesBuildPhase section */

/* Begin PBXShellScriptBuildPhase section */
		0C70655F601E4FB8914C778E /* [CP] Check Pods Manifest.lock */ = {
			isa = PBXShellScriptBuildPhase;
			buildActionMask = 2147483647;
			files = (
			);
			inputPaths = (
			);
			name = "[CP] Check Pods Manifest.lock";
			outputPaths = (
			);
			runOnlyForDeploymentPostprocessing = 0;
			shellPath = /bin/sh;
			shellScript = "diff \"${PODS_ROOT}/../Podfile.lock\" \"${PODS_ROOT}/Manifest.lock\" > /dev/null\nif [ $? != 0 ] ; then\n    # print error to STDERR\n    echo \"error: The sandbox is not in sync with the Podfile.lock. Run 'pod install' or update your CocoaPods installation.\" >&2\n    exit 1\nfi\n";
			showEnvVarsInLog = 0;
		};
		3E814B51CE385C5D41FCDBF7 /* [CP] Embed Pods Frameworks */ = {
			isa = PBXShellScriptBuildPhase;
			buildActionMask = 2147483647;
			files = (
			);
			inputPaths = (
			);
			name = "[CP] Embed Pods Frameworks";
			outputPaths = (
			);
			runOnlyForDeploymentPostprocessing = 0;
			shellPath = /bin/sh;
			shellScript = "\"${SRCROOT}/Pods/Target Support Files/Pods-iOSHackUITests/Pods-iOSHackUITests-frameworks.sh\"\n";
			showEnvVarsInLog = 0;
		};
		45BB0B18901AEB6CF586FB62 /* [CP] Copy Pods Resources */ = {
			isa = PBXShellScriptBuildPhase;
			buildActionMask = 2147483647;
			files = (
			);
			inputPaths = (
			);
			name = "[CP] Copy Pods Resources";
			outputPaths = (
			);
			runOnlyForDeploymentPostprocessing = 0;
			shellPath = /bin/sh;
			shellScript = "\"${SRCROOT}/Pods/Target Support Files/Pods-iOSHack/Pods-iOSHack-resources.sh\"\n";
			showEnvVarsInLog = 0;
		};
		543DD008F2E57B2517095116 /* [CP] Check Pods Manifest.lock */ = {
			isa = PBXShellScriptBuildPhase;
			buildActionMask = 2147483647;
			files = (
			);
			inputPaths = (
			);
			name = "[CP] Check Pods Manifest.lock";
			outputPaths = (
			);
			runOnlyForDeploymentPostprocessing = 0;
			shellPath = /bin/sh;
			shellScript = "diff \"${PODS_ROOT}/../Podfile.lock\" \"${PODS_ROOT}/Manifest.lock\" > /dev/null\nif [ $? != 0 ] ; then\n    # print error to STDERR\n    echo \"error: The sandbox is not in sync with the Podfile.lock. Run 'pod install' or update your CocoaPods installation.\" >&2\n    exit 1\nfi\n";
			showEnvVarsInLog = 0;
		};
		59970BBFF0FB8B49C4A3E4E0 /* [CP] Copy Pods Resources */ = {
			isa = PBXShellScriptBuildPhase;
			buildActionMask = 2147483647;
			files = (
			);
			inputPaths = (
			);
			name = "[CP] Copy Pods Resources";
			outputPaths = (
			);
			runOnlyForDeploymentPostprocessing = 0;
			shellPath = /bin/sh;
			shellScript = "\"${SRCROOT}/Pods/Target Support Files/Pods-iOSHackTests/Pods-iOSHackTests-resources.sh\"\n";
			showEnvVarsInLog = 0;
		};
		AB5603C95CE3FF6A24FE87B1 /* [CP] Embed Pods Frameworks */ = {
			isa = PBXShellScriptBuildPhase;
			buildActionMask = 2147483647;
			files = (
			);
			inputPaths = (
			);
			name = "[CP] Embed Pods Frameworks";
			outputPaths = (
			);
			runOnlyForDeploymentPostprocessing = 0;
			shellPath = /bin/sh;
			shellScript = "\"${SRCROOT}/Pods/Target Support Files/Pods-iOSHack/Pods-iOSHack-frameworks.sh\"\n";
			showEnvVarsInLog = 0;
		};
		B6F6DF0C8119536629E2E853 /* [CP] Check Pods Manifest.lock */ = {
			isa = PBXShellScriptBuildPhase;
			buildActionMask = 2147483647;
			files = (
			);
			inputPaths = (
			);
			name = "[CP] Check Pods Manifest.lock";
			outputPaths = (
			);
			runOnlyForDeploymentPostprocessing = 0;
			shellPath = /bin/sh;
			shellScript = "diff \"${PODS_ROOT}/../Podfile.lock\" \"${PODS_ROOT}/Manifest.lock\" > /dev/null\nif [ $? != 0 ] ; then\n    # print error to STDERR\n    echo \"error: The sandbox is not in sync with the Podfile.lock. Run 'pod install' or update your CocoaPods installation.\" >&2\n    exit 1\nfi\n";
			showEnvVarsInLog = 0;
		};
		CB14C76B1796302A387F2275 /* [CP] Embed Pods Frameworks */ = {
			isa = PBXShellScriptBuildPhase;
			buildActionMask = 2147483647;
			files = (
			);
			inputPaths = (
			);
			name = "[CP] Embed Pods Frameworks";
			outputPaths = (
			);
			runOnlyForDeploymentPostprocessing = 0;
			shellPath = /bin/sh;
			shellScript = "\"${SRCROOT}/Pods/Target Support Files/Pods-iOSHackTests/Pods-iOSHackTests-frameworks.sh\"\n";
			showEnvVarsInLog = 0;
		};
		E2B411C2C4C9E0A07BB63593 /* [CP] Copy Pods Resources */ = {
			isa = PBXShellScriptBuildPhase;
			buildActionMask = 2147483647;
			files = (
			);
			inputPaths = (
			);
			name = "[CP] Copy Pods Resources";
			outputPaths = (
			);
			runOnlyForDeploymentPostprocessing = 0;
			shellPath = /bin/sh;
			shellScript = "\"${SRCROOT}/Pods/Target Support Files/Pods-iOSHackUITests/Pods-iOSHackUITests-resources.sh\"\n";
			showEnvVarsInLog = 0;
		};
/* End PBXShellScriptBuildPhase section */

/* Begin PBXSourcesBuildPhase section */
		77CE8F9F1E40B1A9003B36A2 /* Sources */ = {
			isa = PBXSourcesBuildPhase;
			buildActionMask = 2147483647;
			files = (
				EAE18F981E40B7A4001A5BAE /* SentencesTableViewController.swift in Sources */,
				EAE18F9A1E40B7D9001A5BAE /* SearchResultsViewController.swift in Sources */,
				EAE18F9E1E40BC6C001A5BAE /* ResultModel.swift in Sources */,
				EA63323F1E40F47600FA90A1 /* WebViewController.swift in Sources */,
				EAE18FA11E40BCDA001A5BAE /* NetworkManager.swift in Sources */,
				EAE18F9C1E40BC41001A5BAE /* SentenceModel.swift in Sources */,
				77CE8FA71E40B1A9003B36A2 /* AppDelegate.swift in Sources */,
				EAE18F961E40B706001A5BAE /* TranscriptReaderViewController.swift in Sources */,
				EAE18FA81E40D84D001A5BAE /* SearchResultCollectionViewCell.swift in Sources */,
				EAE18FA31E40D0DE001A5BAE /* SenteceTableViewCell.swift in Sources */,
			);
			runOnlyForDeploymentPostprocessing = 0;
		};
		77CE8FB31E40B1AA003B36A2 /* Sources */ = {
			isa = PBXSourcesBuildPhase;
			buildActionMask = 2147483647;
			files = (
				77CE8FBC1E40B1AA003B36A2 /* iOSHackTests.swift in Sources */,
			);
			runOnlyForDeploymentPostprocessing = 0;
		};
		77CE8FBE1E40B1AA003B36A2 /* Sources */ = {
			isa = PBXSourcesBuildPhase;
			buildActionMask = 2147483647;
			files = (
				77CE8FC71E40B1AA003B36A2 /* iOSHackUITests.swift in Sources */,
			);
			runOnlyForDeploymentPostprocessing = 0;
		};
/* End PBXSourcesBuildPhase section */

/* Begin PBXTargetDependency section */
		77CE8FB91E40B1AA003B36A2 /* PBXTargetDependency */ = {
			isa = PBXTargetDependency;
			target = 77CE8FA21E40B1A9003B36A2 /* iOSHack */;
			targetProxy = 77CE8FB81E40B1AA003B36A2 /* PBXContainerItemProxy */;
		};
		77CE8FC41E40B1AA003B36A2 /* PBXTargetDependency */ = {
			isa = PBXTargetDependency;
			target = 77CE8FA21E40B1A9003B36A2 /* iOSHack */;
			targetProxy = 77CE8FC31E40B1AA003B36A2 /* PBXContainerItemProxy */;
		};
/* End PBXTargetDependency section */

/* Begin PBXVariantGroup section */
		77CE8FAA1E40B1A9003B36A2 /* Main.storyboard */ = {
			isa = PBXVariantGroup;
			children = (
				77CE8FAB1E40B1A9003B36A2 /* Base */,
			);
			name = Main.storyboard;
			sourceTree = "<group>";
		};
		77CE8FAF1E40B1A9003B36A2 /* LaunchScreen.storyboard */ = {
			isa = PBXVariantGroup;
			children = (
				77CE8FB01E40B1A9003B36A2 /* Base */,
			);
			name = LaunchScreen.storyboard;
			sourceTree = "<group>";
		};
/* End PBXVariantGroup section */

/* Begin XCBuildConfiguration section */
		77CE8FC91E40B1AA003B36A2 /* Debug */ = {
			isa = XCBuildConfiguration;
			buildSettings = {
				ALWAYS_SEARCH_USER_PATHS = NO;
				CLANG_ANALYZER_NONNULL = YES;
				CLANG_CXX_LANGUAGE_STANDARD = "gnu++0x";
				CLANG_CXX_LIBRARY = "libc++";
				CLANG_ENABLE_MODULES = YES;
				CLANG_ENABLE_OBJC_ARC = YES;
				CLANG_WARN_BOOL_CONVERSION = YES;
				CLANG_WARN_CONSTANT_CONVERSION = YES;
				CLANG_WARN_DIRECT_OBJC_ISA_USAGE = YES_ERROR;
				CLANG_WARN_DOCUMENTATION_COMMENTS = YES;
				CLANG_WARN_EMPTY_BODY = YES;
				CLANG_WARN_ENUM_CONVERSION = YES;
				CLANG_WARN_INFINITE_RECURSION = YES;
				CLANG_WARN_INT_CONVERSION = YES;
				CLANG_WARN_OBJC_ROOT_CLASS = YES_ERROR;
				CLANG_WARN_SUSPICIOUS_MOVE = YES;
				CLANG_WARN_UNREACHABLE_CODE = YES;
				CLANG_WARN__DUPLICATE_METHOD_MATCH = YES;
				"CODE_SIGN_IDENTITY[sdk=iphoneos*]" = "iPhone Developer";
				COPY_PHASE_STRIP = NO;
				DEBUG_INFORMATION_FORMAT = dwarf;
				ENABLE_STRICT_OBJC_MSGSEND = YES;
				ENABLE_TESTABILITY = YES;
				GCC_C_LANGUAGE_STANDARD = gnu99;
				GCC_DYNAMIC_NO_PIC = NO;
				GCC_NO_COMMON_BLOCKS = YES;
				GCC_OPTIMIZATION_LEVEL = 0;
				GCC_PREPROCESSOR_DEFINITIONS = (
					"DEBUG=1",
					"$(inherited)",
				);
				GCC_WARN_64_TO_32_BIT_CONVERSION = YES;
				GCC_WARN_ABOUT_RETURN_TYPE = YES_ERROR;
				GCC_WARN_UNDECLARED_SELECTOR = YES;
				GCC_WARN_UNINITIALIZED_AUTOS = YES_AGGRESSIVE;
				GCC_WARN_UNUSED_FUNCTION = YES;
				GCC_WARN_UNUSED_VARIABLE = YES;
				IPHONEOS_DEPLOYMENT_TARGET = 10.2;
				MTL_ENABLE_DEBUG_INFO = YES;
				ONLY_ACTIVE_ARCH = YES;
				SDKROOT = iphoneos;
				SWIFT_ACTIVE_COMPILATION_CONDITIONS = DEBUG;
				SWIFT_OPTIMIZATION_LEVEL = "-Onone";
				TARGETED_DEVICE_FAMILY = "1,2";
			};
			name = Debug;
		};
		77CE8FCA1E40B1AA003B36A2 /* Release */ = {
			isa = XCBuildConfiguration;
			buildSettings = {
				ALWAYS_SEARCH_USER_PATHS = NO;
				CLANG_ANALYZER_NONNULL = YES;
				CLANG_CXX_LANGUAGE_STANDARD = "gnu++0x";
				CLANG_CXX_LIBRARY = "libc++";
				CLANG_ENABLE_MODULES = YES;
				CLANG_ENABLE_OBJC_ARC = YES;
				CLANG_WARN_BOOL_CONVERSION = YES;
				CLANG_WARN_CONSTANT_CONVERSION = YES;
				CLANG_WARN_DIRECT_OBJC_ISA_USAGE = YES_ERROR;
				CLANG_WARN_DOCUMENTATION_COMMENTS = YES;
				CLANG_WARN_EMPTY_BODY = YES;
				CLANG_WARN_ENUM_CONVERSION = YES;
				CLANG_WARN_INFINITE_RECURSION = YES;
				CLANG_WARN_INT_CONVERSION = YES;
				CLANG_WARN_OBJC_ROOT_CLASS = YES_ERROR;
				CLANG_WARN_SUSPICIOUS_MOVE = YES;
				CLANG_WARN_UNREACHABLE_CODE = YES;
				CLANG_WARN__DUPLICATE_METHOD_MATCH = YES;
				"CODE_SIGN_IDENTITY[sdk=iphoneos*]" = "iPhone Developer";
				COPY_PHASE_STRIP = NO;
				DEBUG_INFORMATION_FORMAT = "dwarf-with-dsym";
				ENABLE_NS_ASSERTIONS = NO;
				ENABLE_STRICT_OBJC_MSGSEND = YES;
				GCC_C_LANGUAGE_STANDARD = gnu99;
				GCC_NO_COMMON_BLOCKS = YES;
				GCC_WARN_64_TO_32_BIT_CONVERSION = YES;
				GCC_WARN_ABOUT_RETURN_TYPE = YES_ERROR;
				GCC_WARN_UNDECLARED_SELECTOR = YES;
				GCC_WARN_UNINITIALIZED_AUTOS = YES_AGGRESSIVE;
				GCC_WARN_UNUSED_FUNCTION = YES;
				GCC_WARN_UNUSED_VARIABLE = YES;
				IPHONEOS_DEPLOYMENT_TARGET = 10.2;
				MTL_ENABLE_DEBUG_INFO = NO;
				SDKROOT = iphoneos;
				SWIFT_OPTIMIZATION_LEVEL = "-Owholemodule";
				TARGETED_DEVICE_FAMILY = "1,2";
				VALIDATE_PRODUCT = YES;
			};
			name = Release;
		};
		77CE8FCC1E40B1AA003B36A2 /* Debug */ = {
			isa = XCBuildConfiguration;
			baseConfigurationReference = C330ECFC96C9AF5AE98D9445 /* Pods-iOSHack.debug.xcconfig */;
			buildSettings = {
				ASSETCATALOG_COMPILER_APPICON_NAME = AppIcon;
				INFOPLIST_FILE = iOSHack/Info.plist;
				LD_RUNPATH_SEARCH_PATHS = "$(inherited) @executable_path/Frameworks";
				PRODUCT_BUNDLE_IDENTIFIER = it.jav.simone.bbc.iOSHack;
				PRODUCT_NAME = "$(TARGET_NAME)";
				SWIFT_VERSION = 3.0;
			};
			name = Debug;
		};
		77CE8FCD1E40B1AA003B36A2 /* Release */ = {
			isa = XCBuildConfiguration;
			baseConfigurationReference = 96F9D44F4B8CCCE83F7C23DA /* Pods-iOSHack.release.xcconfig */;
			buildSettings = {
				ASSETCATALOG_COMPILER_APPICON_NAME = AppIcon;
				INFOPLIST_FILE = iOSHack/Info.plist;
				LD_RUNPATH_SEARCH_PATHS = "$(inherited) @executable_path/Frameworks";
				PRODUCT_BUNDLE_IDENTIFIER = it.jav.simone.bbc.iOSHack;
				PRODUCT_NAME = "$(TARGET_NAME)";
				SWIFT_VERSION = 3.0;
			};
			name = Release;
		};
		77CE8FCF1E40B1AA003B36A2 /* Debug */ = {
			isa = XCBuildConfiguration;
			baseConfigurationReference = C5148E1D93B509E3C1AADEA1 /* Pods-iOSHackTests.debug.xcconfig */;
			buildSettings = {
				ALWAYS_EMBED_SWIFT_STANDARD_LIBRARIES = YES;
				BUNDLE_LOADER = "$(TEST_HOST)";
				INFOPLIST_FILE = iOSHackTests/Info.plist;
				LD_RUNPATH_SEARCH_PATHS = "$(inherited) @executable_path/Frameworks @loader_path/Frameworks";
				PRODUCT_BUNDLE_IDENTIFIER = it.jav.simone.bbc.iOSHackTests;
				PRODUCT_NAME = "$(TARGET_NAME)";
				SWIFT_VERSION = 3.0;
				TEST_HOST = "$(BUILT_PRODUCTS_DIR)/iOSHack.app/iOSHack";
			};
			name = Debug;
		};
		77CE8FD01E40B1AA003B36A2 /* Release */ = {
			isa = XCBuildConfiguration;
			baseConfigurationReference = 5D93E58296FDB543DD10BAF5 /* Pods-iOSHackTests.release.xcconfig */;
			buildSettings = {
				ALWAYS_EMBED_SWIFT_STANDARD_LIBRARIES = YES;
				BUNDLE_LOADER = "$(TEST_HOST)";
				INFOPLIST_FILE = iOSHackTests/Info.plist;
				LD_RUNPATH_SEARCH_PATHS = "$(inherited) @executable_path/Frameworks @loader_path/Frameworks";
				PRODUCT_BUNDLE_IDENTIFIER = it.jav.simone.bbc.iOSHackTests;
				PRODUCT_NAME = "$(TARGET_NAME)";
				SWIFT_VERSION = 3.0;
				TEST_HOST = "$(BUILT_PRODUCTS_DIR)/iOSHack.app/iOSHack";
			};
			name = Release;
		};
		77CE8FD21E40B1AA003B36A2 /* Debug */ = {
			isa = XCBuildConfiguration;
			baseConfigurationReference = 9DCE727DF5F340AD4C47EED0 /* Pods-iOSHackUITests.debug.xcconfig */;
			buildSettings = {
				ALWAYS_EMBED_SWIFT_STANDARD_LIBRARIES = YES;
				INFOPLIST_FILE = iOSHackUITests/Info.plist;
				LD_RUNPATH_SEARCH_PATHS = "$(inherited) @executable_path/Frameworks @loader_path/Frameworks";
				PRODUCT_BUNDLE_IDENTIFIER = it.jav.simone.bbc.iOSHackUITests;
				PRODUCT_NAME = "$(TARGET_NAME)";
				SWIFT_VERSION = 3.0;
				TEST_TARGET_NAME = iOSHack;
			};
			name = Debug;
		};
		77CE8FD31E40B1AA003B36A2 /* Release */ = {
			isa = XCBuildConfiguration;
			baseConfigurationReference = F04955343095C0C2F98AA3E2 /* Pods-iOSHackUITests.release.xcconfig */;
			buildSettings = {
				ALWAYS_EMBED_SWIFT_STANDARD_LIBRARIES = YES;
				INFOPLIST_FILE = iOSHackUITests/Info.plist;
				LD_RUNPATH_SEARCH_PATHS = "$(inherited) @executable_path/Frameworks @loader_path/Frameworks";
				PRODUCT_BUNDLE_IDENTIFIER = it.jav.simone.bbc.iOSHackUITests;
				PRODUCT_NAME = "$(TARGET_NAME)";
				SWIFT_VERSION = 3.0;
				TEST_TARGET_NAME = iOSHack;
			};
			name = Release;
		};
/* End XCBuildConfiguration section */

/* Begin XCConfigurationList section */
		77CE8F9E1E40B1A9003B36A2 /* Build configuration list for PBXProject "iOSHack" */ = {
			isa = XCConfigurationList;
			buildConfigurations = (
				77CE8FC91E40B1AA003B36A2 /* Debug */,
				77CE8FCA1E40B1AA003B36A2 /* Release */,
			);
			defaultConfigurationIsVisible = 0;
			defaultConfigurationName = Release;
		};
		77CE8FCB1E40B1AA003B36A2 /* Build configuration list for PBXNativeTarget "iOSHack" */ = {
			isa = XCConfigurationList;
			buildConfigurations = (
				77CE8FCC1E40B1AA003B36A2 /* Debug */,
				77CE8FCD1E40B1AA003B36A2 /* Release */,
			);
			defaultConfigurationIsVisible = 0;
			defaultConfigurationName = Release;
		};
		77CE8FCE1E40B1AA003B36A2 /* Build configuration list for PBXNativeTarget "iOSHackTests" */ = {
			isa = XCConfigurationList;
			buildConfigurations = (
				77CE8FCF1E40B1AA003B36A2 /* Debug */,
				77CE8FD01E40B1AA003B36A2 /* Release */,
			);
			defaultConfigurationIsVisible = 0;
			defaultConfigurationName = Release;
		};
		77CE8FD11E40B1AA003B36A2 /* Build configuration list for PBXNativeTarget "iOSHackUITests" */ = {
			isa = XCConfigurationList;
			buildConfigurations = (
				77CE8FD21E40B1AA003B36A2 /* Debug */,
				77CE8FD31E40B1AA003B36A2 /* Release */,
			);
			defaultConfigurationIsVisible = 0;
			defaultConfigurationName = Release;
		};
/* End XCConfigurationList section */
	};
	rootObject = 77CE8F9B1E40B1A9003B36A2 /* Project object */;
}
